PODS:
  - InstantSearchVoiceOverlay (1.2.0)

DEPENDENCIES:
  - InstantSearchVoiceOverlay

SPEC REPOS:
  trunk:
    - InstantSearchVoiceOverlay

SPEC CHECKSUMS:
  InstantSearchVoiceOverlay: d9d5db7314ec8416dcf4ed49df2000e8ee0abe2b

PODFILE CHECKSUM: b877ab5f1e8a7f2a3684f3f733ef1ec2579e43d1

COCOAPODS: 1.11.3
