// !$*UTF8*$!
{
	archiveVersion = 1;
	classes = {
	};
	objectVersion = 55;
	objects = {

/* Begin PBXBuildFile section */
		30BB41FB291F954E005293E8 /* AppDelegate.swift in Sources */ = {isa = PBXBuildFile; fileRef = 30BB41FA291F954E005293E8 /* AppDelegate.swift */; };
		30BB41FD291F954E005293E8 /* SceneDelegate.swift in Sources */ = {isa = PBXBuildFile; fileRef = 30BB41FC291F954E005293E8 /* SceneDelegate.swift */; };
		30BB41FF291F954E005293E8 /* ViewController.swift in Sources */ = {isa = PBXBuildFile; fileRef = 30BB41FE291F954E005293E8 /* ViewController.swift */; };
		30BB4202291F954E005293E8 /* Main.storyboard in Resources */ = {isa = PBXBuildFile; fileRef = 30BB4200291F954E005293E8 /* Main.storyboard */; };
		30BB4205291F954E005293E8 /* Qorgan.xcdatamodeld in Sources */ = {isa = PBXBuildFile; fileRef = 30BB4203291F954E005293E8 /* Qorgan.xcdatamodeld */; };
		30BB4207291F954F005293E8 /* Assets.xcassets in Resources */ = {isa = PBXBuildFile; fileRef = 30BB4206291F954F005293E8 /* Assets.xcassets */; };
		30BB420A291F954F005293E8 /* LaunchScreen.storyboard in Resources */ = {isa = PBXBuildFile; fileRef = 30BB4208291F954F005293E8 /* LaunchScreen.storyboard */; };
		30BB4215291F9550005293E8 /* QorganTests.swift in Sources */ = {isa = PBXBuildFile; fileRef = 30BB4214291F9550005293E8 /* QorganTests.swift */; };
		30BB421F291F9550005293E8 /* QorganUITests.swift in Sources */ = {isa = PBXBuildFile; fileRef = 30BB421E291F9550005293E8 /* QorganUITests.swift */; };
		30BB4221291F9550005293E8 /* QorganUITestsLaunchTests.swift in Sources */ = {isa = PBXBuildFile; fileRef = 30BB4220291F9550005293E8 /* QorganUITestsLaunchTests.swift */; };
/* End PBXBuildFile section */

/* Begin PBXContainerItemProxy section */
		30BB4211291F9550005293E8 /* PBXContainerItemProxy */ = {
			isa = PBXContainerItemProxy;
			containerPortal = 30BB41EF291F954E005293E8 /* Project object */;
			proxyType = 1;
			remoteGlobalIDString = 30BB41F6291F954E005293E8;
			remoteInfo = Qorgan;
		};
		30BB421B291F9550005293E8 /* PBXContainerItemProxy */ = {
			isa = PBXContainerItemProxy;
			containerPortal = 30BB41EF291F954E005293E8 /* Project object */;
			proxyType = 1;
			remoteGlobalIDString = 30BB41F6291F954E005293E8;
			remoteInfo = Qorgan;
		};
/* End PBXContainerItemProxy section */

/* Begin PBXFileReference section */
		30BB41F7291F954E005293E8 /* Qorgan.app */ = {isa = PBXFileReference; explicitFileType = wrapper.application; includeInIndex = 0; path = Qorgan.app; sourceTree = BUILT_PRODUCTS_DIR; };
		30BB41FA291F954E005293E8 /* AppDelegate.swift */ = {isa = PBXFileReference; lastKnownFileType = sourcecode.swift; path = AppDelegate.swift; sourceTree = "<group>"; };
		30BB41FC291F954E005293E8 /* SceneDelegate.swift */ = {isa = PBXFileReference; lastKnownFileType = sourcecode.swift; path = SceneDelegate.swift; sourceTree = "<group>"; };
		30BB41FE291F954E005293E8 /* ViewController.swift */ = {isa = PBXFileReference; lastKnownFileType = sourcecode.swift; path = ViewController.swift; sourceTree = "<group>"; };
		30BB4201291F954E005293E8 /* Base */ = {isa = PBXFileReference; lastKnownFileType = file.storyboard; name = Base; path = Base.lproj/Main.storyboard; sourceTree = "<group>"; };
		30BB4204291F954E005293E8 /* Qorgan.xcdatamodel */ = {isa = PBXFileReference; lastKnownFileType = wrapper.xcdatamodel; path = Qorgan.xcdatamodel; sourceTree = "<group>"; };
		30BB4206291F954F005293E8 /* Assets.xcassets */ = {isa = PBXFileReference; lastKnownFileType = folder.assetcatalog; path = Assets.xcassets; sourceTree = "<group>"; };
		30BB4209291F954F005293E8 /* Base */ = {isa = PBXFileReference; lastKnownFileType = file.storyboard; name = Base; path = Base.lproj/LaunchScreen.storyboard; sourceTree = "<group>"; };
		30BB420B291F954F005293E8 /* Info.plist */ = {isa = PBXFileReference; lastKnownFileType = text.plist.xml; path = Info.plist; sourceTree = "<group>"; };
		30BB4210291F9550005293E8 /* QorganTests.xctest */ = {isa = PBXFileReference; explicitFileType = wrapper.cfbundle; includeInIndex = 0; path = QorganTests.xctest; sourceTree = BUILT_PRODUCTS_DIR; };
		30BB4214291F9550005293E8 /* QorganTests.swift */ = {isa = PBXFileReference; lastKnownFileType = sourcecode.swift; path = QorganTests.swift; sourceTree = "<group>"; };
		30BB421A291F9550005293E8 /* QorganUITests.xctest */ = {isa = PBXFileReference; explicitFileType = wrapper.cfbundle; includeInIndex = 0; path = QorganUITests.xctest; sourceTree = BUILT_PRODUCTS_DIR; };
		30BB421E291F9550005293E8 /* QorganUITests.swift */ = {isa = PBXFileReference; lastKnownFileType = sourcecode.swift; path = QorganUITests.swift; sourceTree = "<group>"; };
		30BB4220291F9550005293E8 /* QorganUITestsLaunchTests.swift */ = {isa = PBXFileReference; lastKnownFileType = sourcecode.swift; path = QorganUITestsLaunchTests.swift; sourceTree = "<group>"; };
/* End PBXFileReference section */

/* Begin PBXFrameworksBuildPhase section */
		30BB41F4291F954E005293E8 /* Frameworks */ = {
			isa = PBXFrameworksBuildPhase;
			buildActionMask = 2147483647;
			files = (
			);
			runOnlyForDeploymentPostprocessing = 0;
		};
		30BB420D291F9550005293E8 /* Frameworks */ = {
			isa = PBXFrameworksBuildPhase;
			buildActionMask = 2147483647;
			files = (
			);
			runOnlyForDeploymentPostprocessing = 0;
		};
		30BB4217291F9550005293E8 /* Frameworks */ = {
			isa = PBXFrameworksBuildPhase;
			buildActionMask = 2147483647;
			files = (
			);
			runOnlyForDeploymentPostprocessing = 0;
		};
/* End PBXFrameworksBuildPhase section */

/* Begin PBXGroup section */
		30BB41EE291F954E005293E8 = {
			isa = PBXGroup;
			children = (
				30BB41F9291F954E005293E8 /* Qorgan */,
				30BB4213291F9550005293E8 /* QorganTests */,
				30BB421D291F9550005293E8 /* QorganUITests */,
				30BB41F8291F954E005293E8 /* Products */,
			);
			sourceTree = "<group>";
		};
		30BB41F8291F954E005293E8 /* Products */ = {
			isa = PBXGroup;
			children = (
				30BB41F7291F954E005293E8 /* Qorgan.app */,
				30BB4210291F9550005293E8 /* QorganTests.xctest */,
				30BB421A291F9550005293E8 /* QorganUITests.xctest */,
			);
			name = Products;
			sourceTree = "<group>";
		};
		30BB41F9291F954E005293E8 /* Qorgan */ = {
			isa = PBXGroup;
			children = (
				30BB41FA291F954E005293E8 /* AppDelegate.swift */,
				30BB41FC291F954E005293E8 /* SceneDelegate.swift */,
				30BB41FE291F954E005293E8 /* ViewController.swift */,
				30BB4200291F954E005293E8 /* Main.storyboard */,
				30BB4206291F954F005293E8 /* Assets.xcassets */,
				30BB4208291F954F005293E8 /* LaunchScreen.storyboard */,
				30BB420B291F954F005293E8 /* Info.plist */,
				30BB4203291F954E005293E8 /* Qorgan.xcdatamodeld */,
			);
			path = Qorgan;
			sourceTree = "<group>";
		};
		30BB4213291F9550005293E8 /* QorganTests */ = {
			isa = PBXGroup;
			children = (
				30BB4214291F9550005293E8 /* QorganTests.swift */,
			);
			path = QorganTests;
			sourceTree = "<group>";
		};
		30BB421D291F9550005293E8 /* QorganUITests */ = {
			isa = PBXGroup;
			children = (
				30BB421E291F9550005293E8 /* QorganUITests.swift */,
				30BB4220291F9550005293E8 /* QorganUITestsLaunchTests.swift */,
			);
			path = QorganUITests;
			sourceTree = "<group>";
		};
/* End PBXGroup section */

/* Begin PBXNativeTarget section */
		30BB41F6291F954E005293E8 /* Qorgan */ = {
			isa = PBXNativeTarget;
			buildConfigurationList = 30BB4224291F9550005293E8 /* Build configuration list for PBXNativeTarget "Qorgan" */;
			buildPhases = (
				30BB41F3291F954E005293E8 /* Sources */,
				30BB41F4291F954E005293E8 /* Frameworks */,
				30BB41F5291F954E005293E8 /* Resources */,
			);
			buildRules = (
			);
			dependencies = (
			);
			name = Qorgan;
			productName = Qorgan;
			productReference = 30BB41F7291F954E005293E8 /* Qorgan.app */;
			productType = "com.apple.product-type.application";
		};
		30BB420F291F9550005293E8 /* QorganTests */ = {
			isa = PBXNativeTarget;
			buildConfigurationList = 30BB4227291F9550005293E8 /* Build configuration list for PBXNativeTarget "QorganTests" */;
			buildPhases = (
				30BB420C291F9550005293E8 /* Sources */,
				30BB420D291F9550005293E8 /* Frameworks */,
				30BB420E291F9550005293E8 /* Resources */,
			);
			buildRules = (
			);
			dependencies = (
				30BB4212291F9550005293E8 /* PBXTargetDependency */,
			);
			name = QorganTests;
			productName = QorganTests;
			productReference = 30BB4210291F9550005293E8 /* QorganTests.xctest */;
			productType = "com.apple.product-type.bundle.unit-test";
		};
		30BB4219291F9550005293E8 /* QorganUITests */ = {
			isa = PBXNativeTarget;
			buildConfigurationList = 30BB422A291F9550005293E8 /* Build configuration list for PBXNativeTarget "QorganUITests" */;
			buildPhases = (
				30BB4216291F9550005293E8 /* Sources */,
				30BB4217291F9550005293E8 /* Frameworks */,
				30BB4218291F9550005293E8 /* Resources */,
			);
			buildRules = (
			);
			dependencies = (
				30BB421C291F9550005293E8 /* PBXTargetDependency */,
			);
			name = QorganUITests;
			productName = QorganUITests;
			productReference = 30BB421A291F9550005293E8 /* QorganUITests.xctest */;
			productType = "com.apple.product-type.bundle.ui-testing";
		};
/* End PBXNativeTarget section */

/* Begin PBXProject section */
		30BB41EF291F954E005293E8 /* Project object */ = {
			isa = PBXProject;
			attributes = {
				BuildIndependentTargetsInParallel = 1;
				LastSwiftUpdateCheck = 1340;
				LastUpgradeCheck = 1340;
				TargetAttributes = {
					30BB41F6291F954E005293E8 = {
						CreatedOnToolsVersion = 13.4.1;
					};
					30BB420F291F9550005293E8 = {
						CreatedOnToolsVersion = 13.4.1;
						TestTargetID = 30BB41F6291F954E005293E8;
					};
					30BB4219291F9550005293E8 = {
						CreatedOnToolsVersion = 13.4.1;
						TestTargetID = 30BB41F6291F954E005293E8;
					};
				};
			};
			buildConfigurationList = 30BB41F2291F954E005293E8 /* Build configuration list for PBXProject "Qorgan" */;
			compatibilityVersion = "Xcode 13.0";
			developmentRegion = en;
			hasScannedForEncodings = 0;
			knownRegions = (
				en,
				Base,
			);
			mainGroup = 30BB41EE291F954E005293E8;
			productRefGroup = 30BB41F8291F954E005293E8 /* Products */;
			projectDirPath = "";
			projectRoot = "";
			targets = (
				30BB41F6291F954E005293E8 /* Qorgan */,
				30BB420F291F9550005293E8 /* QorganTests */,
				30BB4219291F9550005293E8 /* QorganUITests */,
			);
		};
/* End PBXProject section */

/* Begin PBXResourcesBuildPhase section */
		30BB41F5291F954E005293E8 /* Resources */ = {
			isa = PBXResourcesBuildPhase;
			buildActionMask = 2147483647;
			files = (
				30BB420A291F954F005293E8 /* LaunchScreen.storyboard in Resources */,
				30BB4207291F954F005293E8 /* Assets.xcassets in Resources */,
				30BB4202291F954E005293E8 /* Main.storyboard in Resources */,
			);
			runOnlyForDeploymentPostprocessing = 0;
		};
		30BB420E291F9550005293E8 /* Resources */ = {
			isa = PBXResourcesBuildPhase;
			buildActionMask = 2147483647;
			files = (
			);
			runOnlyForDeploymentPostprocessing = 0;
		};
		30BB4218291F9550005293E8 /* Resources */ = {
			isa = PBXResourcesBuildPhase;
			buildActionMask = 2147483647;
			files = (
			);
			runOnlyForDeploymentPostprocessing = 0;
		};
/* End PBXResourcesBuildPhase section */

/* Begin PBXSourcesBuildPhase section */
		30BB41F3291F954E005293E8 /* Sources */ = {
			isa = PBXSourcesBuildPhase;
			buildActionMask = 2147483647;
			files = (
				30BB41FF291F954E005293E8 /* ViewController.swift in Sources */,
				30BB41FB291F954E005293E8 /* AppDelegate.swift in Sources */,
				30BB41FD291F954E005293E8 /* SceneDelegate.swift in Sources */,
				30BB4205291F954E005293E8 /* Qorgan.xcdatamodeld in Sources */,
			);
			runOnlyForDeploymentPostprocessing = 0;
		};
		30BB420C291F9550005293E8 /* Sources */ = {
			isa = PBXSourcesBuildPhase;
			buildActionMask = 2147483647;
			files = (
				30BB4215291F9550005293E8 /* QorganTests.swift in Sources */,
			);
			runOnlyForDeploymentPostprocessing = 0;
		};
		30BB4216291F9550005293E8 /* Sources */ = {
			isa = PBXSourcesBuildPhase;
			buildActionMask = 2147483647;
			files = (
				30BB4221291F9550005293E8 /* QorganUITestsLaunchTests.swift in Sources */,
				30BB421F291F9550005293E8 /* QorganUITests.swift in Sources */,
			);
			runOnlyForDeploymentPostprocessing = 0;
		};
/* End PBXSourcesBuildPhase section */

/* Begin PBXTargetDependency section */
		30BB4212291F9550005293E8 /* PBXTargetDependency */ = {
			isa = PBXTargetDependency;
			target = 30BB41F6291F954E005293E8 /* Qorgan */;
			targetProxy = 30BB4211291F9550005293E8 /* PBXContainerItemProxy */;
		};
		30BB421C291F9550005293E8 /* PBXTargetDependency */ = {
			isa = PBXTargetDependency;
			target = 30BB41F6291F954E005293E8 /* Qorgan */;
			targetProxy = 30BB421B291F9550005293E8 /* PBXContainerItemProxy */;
		};
/* End PBXTargetDependency section */

/* Begin PBXVariantGroup section */
		30BB4200291F954E005293E8 /* Main.storyboard */ = {
			isa = PBXVariantGroup;
			children = (
				30BB4201291F954E005293E8 /* Base */,
			);
			name = Main.storyboard;
			sourceTree = "<group>";
		};
		30BB4208291F954F005293E8 /* LaunchScreen.storyboard */ = {
			isa = PBXVariantGroup;
			children = (
				30BB4209291F954F005293E8 /* Base */,
			);
			name = LaunchScreen.storyboard;
			sourceTree = "<group>";
		};
/* End PBXVariantGroup section */

/* Begin XCBuildConfiguration section */
		30BB4222291F9550005293E8 /* Debug */ = {
			isa = XCBuildConfiguration;
			buildSettings = {
				ALWAYS_SEARCH_USER_PATHS = NO;
				CLANG_ANALYZER_NONNULL = YES;
				CLANG_ANALYZER_NUMBER_OBJECT_CONVERSION = YES_AGGRESSIVE;
				CLANG_CXX_LANGUAGE_STANDARD = "gnu++17";
				CLANG_ENABLE_MODULES = YES;
				CLANG_ENABLE_OBJC_ARC = YES;
				CLANG_ENABLE_OBJC_WEAK = YES;
				CLANG_WARN_BLOCK_CAPTURE_AUTORELEASING = YES;
				CLANG_WARN_BOOL_CONVERSION = YES;
				CLANG_WARN_COMMA = YES;
				CLANG_WARN_CONSTANT_CONVERSION = YES;
				CLANG_WARN_DEPRECATED_OBJC_IMPLEMENTATIONS = YES;
				CLANG_WARN_DIRECT_OBJC_ISA_USAGE = YES_ERROR;
				CLANG_WARN_DOCUMENTATION_COMMENTS = YES;
				CLANG_WARN_EMPTY_BODY = YES;
				CLANG_WARN_ENUM_CONVERSION = YES;
				CLANG_WARN_INFINITE_RECURSION = YES;
				CLANG_WARN_INT_CONVERSION = YES;
				CLANG_WARN_NON_LITERAL_NULL_CONVERSION = YES;
				CLANG_WARN_OBJC_IMPLICIT_RETAIN_SELF = YES;
				CLANG_WARN_OBJC_LITERAL_CONVERSION = YES;
				CLANG_WARN_OBJC_ROOT_CLASS = YES_ERROR;
				CLANG_WARN_QUOTED_INCLUDE_IN_FRAMEWORK_HEADER = YES;
				CLANG_WARN_RANGE_LOOP_ANALYSIS = YES;
				CLANG_WARN_STRICT_PROTOTYPES = YES;
				CLANG_WARN_SUSPICIOUS_MOVE = YES;
				CLANG_WARN_UNGUARDED_AVAILABILITY = YES_AGGRESSIVE;
				CLANG_WARN_UNREACHABLE_CODE = YES;
				CLANG_WARN__DUPLICATE_METHOD_MATCH = YES;
				COPY_PHASE_STRIP = NO;
				DEBUG_INFORMATION_FORMAT = dwarf;
				ENABLE_STRICT_OBJC_MSGSEND = YES;
				ENABLE_TESTABILITY = YES;
				GCC_C_LANGUAGE_STANDARD = gnu11;
				GCC_DYNAMIC_NO_PIC = NO;
				GCC_NO_COMMON_BLOCKS = YES;
				GCC_OPTIMIZATION_LEVEL = 0;
				GCC_PREPROCESSOR_DEFINITIONS = (
					"DEBUG=1",
					"$(inherited)",
				);
				GCC_WARN_64_TO_32_BIT_CONVERSION = YES;
				GCC_WARN_ABOUT_RETURN_TYPE = YES_ERROR;
				GCC_WARN_UNDECLARED_SELECTOR = YES;
				GCC_WARN_UNINITIALIZED_AUTOS = YES_AGGRESSIVE;
				GCC_WARN_UNUSED_FUNCTION = YES;
				GCC_WARN_UNUSED_VARIABLE = YES;
				IPHONEOS_DEPLOYMENT_TARGET = 15.5;
				MTL_ENABLE_DEBUG_INFO = INCLUDE_SOURCE;
				MTL_FAST_MATH = YES;
				ONLY_ACTIVE_ARCH = YES;
				SDKROOT = iphoneos;
				SWIFT_ACTIVE_COMPILATION_CONDITIONS = DEBUG;
				SWIFT_OPTIMIZATION_LEVEL = "-Onone";
			};
			name = Debug;
		};
		30BB4223291F9550005293E8 /* Release */ = {
			isa = XCBuildConfiguration;
			buildSettings = {
				ALWAYS_SEARCH_USER_PATHS = NO;
				CLANG_ANALYZER_NONNULL = YES;
				CLANG_ANALYZER_NUMBER_OBJECT_CONVERSION = YES_AGGRESSIVE;
				CLANG_CXX_LANGUAGE_STANDARD = "gnu++17";
				CLANG_ENABLE_MODULES = YES;
				CLANG_ENABLE_OBJC_ARC = YES;
				CLANG_ENABLE_OBJC_WEAK = YES;
				CLANG_WARN_BLOCK_CAPTURE_AUTORELEASING = YES;
				CLANG_WARN_BOOL_CONVERSION = YES;
				CLANG_WARN_COMMA = YES;
				CLANG_WARN_CONSTANT_CONVERSION = YES;
				CLANG_WARN_DEPRECATED_OBJC_IMPLEMENTATIONS = YES;
				CLANG_WARN_DIRECT_OBJC_ISA_USAGE = YES_ERROR;
				CLANG_WARN_DOCUMENTATION_COMMENTS = YES;
				CLANG_WARN_EMPTY_BODY = YES;
				CLANG_WARN_ENUM_CONVERSION = YES;
				CLANG_WARN_INFINITE_RECURSION = YES;
				CLANG_WARN_INT_CONVERSION = YES;
				CLANG_WARN_NON_LITERAL_NULL_CONVERSION = YES;
				CLANG_WARN_OBJC_IMPLICIT_RETAIN_SELF = YES;
				CLANG_WARN_OBJC_LITERAL_CONVERSION = YES;
				CLANG_WARN_OBJC_ROOT_CLASS = YES_ERROR;
				CLANG_WARN_QUOTED_INCLUDE_IN_FRAMEWORK_HEADER = YES;
				CLANG_WARN_RANGE_LOOP_ANALYSIS = YES;
				CLANG_WARN_STRICT_PROTOTYPES = YES;
				CLANG_WARN_SUSPICIOUS_MOVE = YES;
				CLANG_WARN_UNGUARDED_AVAILABILITY = YES_AGGRESSIVE;
				CLANG_WARN_UNREACHABLE_CODE = YES;
				CLANG_WARN__DUPLICATE_METHOD_MATCH = YES;
				COPY_PHASE_STRIP = NO;
				DEBUG_INFORMATION_FORMAT = "dwarf-with-dsym";
				ENABLE_NS_ASSERTIONS = NO;
				ENABLE_STRICT_OBJC_MSGSEND = YES;
				GCC_C_LANGUAGE_STANDARD = gnu11;
				GCC_NO_COMMON_BLOCKS = YES;
				GCC_WARN_64_TO_32_BIT_CONVERSION = YES;
				GCC_WARN_ABOUT_RETURN_TYPE = YES_ERROR;
				GCC_WARN_UNDECLARED_SELECTOR = YES;
				GCC_WARN_UNINITIALIZED_AUTOS = YES_AGGRESSIVE;
				GCC_WARN_UNUSED_FUNCTION = YES;
				GCC_WARN_UNUSED_VARIABLE = YES;
				IPHONEOS_DEPLOYMENT_TARGET = 15.5;
				MTL_ENABLE_DEBUG_INFO = NO;
				MTL_FAST_MATH = YES;
				SDKROOT = iphoneos;
				SWIFT_COMPILATION_MODE = wholemodule;
				SWIFT_OPTIMIZATION_LEVEL = "-O";
				VALIDATE_PRODUCT = YES;
			};
			name = Release;
		};
		30BB4225291F9550005293E8 /* Debug */ = {
			isa = XCBuildConfiguration;
			buildSettings = {
				ASSETCATALOG_COMPILER_APPICON_NAME = AppIcon;
				ASSETCATALOG_COMPILER_GLOBAL_ACCENT_COLOR_NAME = AccentColor;
				CODE_SIGN_STYLE = Automatic;
				CURRENT_PROJECT_VERSION = 1;
				DEVELOPMENT_TEAM = R5539S8Y27;
				GENERATE_INFOPLIST_FILE = YES;
				INFOPLIST_FILE = Qorgan/Info.plist;
				INFOPLIST_KEY_UIApplicationSupportsIndirectInputEvents = YES;
				INFOPLIST_KEY_UILaunchStoryboardName = LaunchScreen;
				INFOPLIST_KEY_UIMainStoryboardFile = Main;
				INFOPLIST_KEY_UISupportedInterfaceOrientations_iPad = "UIInterfaceOrientationPortrait UIInterfaceOrientationPortraitUpsideDown UIInterfaceOrientationLandscapeLeft UIInterfaceOrientationLandscapeRight";
				INFOPLIST_KEY_UISupportedInterfaceOrientations_iPhone = "UIInterfaceOrientationPortrait UIInterfaceOrientationLandscapeLeft UIInterfaceOrientationLandscapeRight";
				LD_RUNPATH_SEARCH_PATHS = (
					"$(inherited)",
					"@executable_path/Frameworks",
				);
				MARKETING_VERSION = 1.0;
				PRODUCT_BUNDLE_IDENTIFIER = com.bakenova.Qorgan;
				PRODUCT_NAME = "$(TARGET_NAME)";
				SWIFT_EMIT_LOC_STRINGS = YES;
				SWIFT_VERSION = 5.0;
				TARGETED_DEVICE_FAMILY = "1,2";
			};
			name = Debug;
		};
		30BB4226291F9550005293E8 /* Release */ = {
			isa = XCBuildConfiguration;
			buildSettings = {
				ASSETCATALOG_COMPILER_APPICON_NAME = AppIcon;
				ASSETCATALOG_COMPILER_GLOBAL_ACCENT_COLOR_NAME = AccentColor;
				CODE_SIGN_STYLE = Automatic;
				CURRENT_PROJECT_VERSION = 1;
				DEVELOPMENT_TEAM = R5539S8Y27;
				GENERATE_INFOPLIST_FILE = YES;
				INFOPLIST_FILE = Qorgan/Info.plist;
				INFOPLIST_KEY_UIApplicationSupportsIndirectInputEvents = YES;
				INFOPLIST_KEY_UILaunchStoryboardName = LaunchScreen;
				INFOPLIST_KEY_UIMainStoryboardFile = Main;
				INFOPLIST_KEY_UISupportedInterfaceOrientations_iPad = "UIInterfaceOrientationPortrait UIInterfaceOrientationPortraitUpsideDown UIInterfaceOrientationLandscapeLeft UIInterfaceOrientationLandscapeRight";
				INFOPLIST_KEY_UISupportedInterfaceOrientations_iPhone = "UIInterfaceOrientationPortrait UIInterfaceOrientationLandscapeLeft UIInterfaceOrientationLandscapeRight";
				LD_RUNPATH_SEARCH_PATHS = (
					"$(inherited)",
					"@executable_path/Frameworks",
				);
				MARKETING_VERSION = 1.0;
				PRODUCT_BUNDLE_IDENTIFIER = com.bakenova.Qorgan;
				PRODUCT_NAME = "$(TARGET_NAME)";
				SWIFT_EMIT_LOC_STRINGS = YES;
				SWIFT_VERSION = 5.0;
				TARGETED_DEVICE_FAMILY = "1,2";
			};
			name = Release;
		};
		30BB4228291F9550005293E8 /* Debug */ = {
			isa = XCBuildConfiguration;
			buildSettings = {
				ALWAYS_EMBED_SWIFT_STANDARD_LIBRARIES = YES;
				BUNDLE_LOADER = "$(TEST_HOST)";
				CODE_SIGN_STYLE = Automatic;
				CURRENT_PROJECT_VERSION = 1;
				DEVELOPMENT_TEAM = R5539S8Y27;
				GENERATE_INFOPLIST_FILE = YES;
				IPHONEOS_DEPLOYMENT_TARGET = 15.5;
				MARKETING_VERSION = 1.0;
				PRODUCT_BUNDLE_IDENTIFIER = com.bakenova.QorganTests;
				PRODUCT_NAME = "$(TARGET_NAME)";
				SWIFT_EMIT_LOC_STRINGS = NO;
				SWIFT_VERSION = 5.0;
				TARGETED_DEVICE_FAMILY = "1,2";
				TEST_HOST = "$(BUILT_PRODUCTS_DIR)/Qorgan.app/Qorgan";
			};
			name = Debug;
		};
		30BB4229291F9550005293E8 /* Release */ = {
			isa = XCBuildConfiguration;
			buildSettings = {
				ALWAYS_EMBED_SWIFT_STANDARD_LIBRARIES = YES;
				BUNDLE_LOADER = "$(TEST_HOST)";
				CODE_SIGN_STYLE = Automatic;
				CURRENT_PROJECT_VERSION = 1;
				DEVELOPMENT_TEAM = R5539S8Y27;
				GENERATE_INFOPLIST_FILE = YES;
				IPHONEOS_DEPLOYMENT_TARGET = 15.5;
				MARKETING_VERSION = 1.0;
				PRODUCT_BUNDLE_IDENTIFIER = com.bakenova.QorganTests;
				PRODUCT_NAME = "$(TARGET_NAME)";
				SWIFT_EMIT_LOC_STRINGS = NO;
				SWIFT_VERSION = 5.0;
				TARGETED_DEVICE_FAMILY = "1,2";
				TEST_HOST = "$(BUILT_PRODUCTS_DIR)/Qorgan.app/Qorgan";
			};
			name = Release;
		};
		30BB422B291F9550005293E8 /* Debug */ = {
			isa = XCBuildConfiguration;
			buildSettings = {
				ALWAYS_EMBED_SWIFT_STANDARD_LIBRARIES = YES;
				CODE_SIGN_STYLE = Automatic;
				CURRENT_PROJECT_VERSION = 1;
				DEVELOPMENT_TEAM = R5539S8Y27;
				GENERATE_INFOPLIST_FILE = YES;
				MARKETING_VERSION = 1.0;
				PRODUCT_BUNDLE_IDENTIFIER = com.bakenova.QorganUITests;
				PRODUCT_NAME = "$(TARGET_NAME)";
				SWIFT_EMIT_LOC_STRINGS = NO;
				SWIFT_VERSION = 5.0;
				TARGETED_DEVICE_FAMILY = "1,2";
				TEST_TARGET_NAME = Qorgan;
			};
			name = Debug;
		};
		30BB422C291F9550005293E8 /* Release */ = {
			isa = XCBuildConfiguration;
			buildSettings = {
				ALWAYS_EMBED_SWIFT_STANDARD_LIBRARIES = YES;
				CODE_SIGN_STYLE = Automatic;
				CURRENT_PROJECT_VERSION = 1;
				DEVELOPMENT_TEAM = R5539S8Y27;
				GENERATE_INFOPLIST_FILE = YES;
				MARKETING_VERSION = 1.0;
				PRODUCT_BUNDLE_IDENTIFIER = com.bakenova.QorganUITests;
				PRODUCT_NAME = "$(TARGET_NAME)";
				SWIFT_EMIT_LOC_STRINGS = NO;
				SWIFT_VERSION = 5.0;
				TARGETED_DEVICE_FAMILY = "1,2";
				TEST_TARGET_NAME = Qorgan;
			};
			name = Release;
		};
/* End XCBuildConfiguration section */

/* Begin XCConfigurationList section */
		30BB41F2291F954E005293E8 /* Build configuration list for PBXProject "Qorgan" */ = {
			isa = XCConfigurationList;
			buildConfigurations = (
				30BB4222291F9550005293E8 /* Debug */,
				30BB4223291F9550005293E8 /* Release */,
			);
			defaultConfigurationIsVisible = 0;
			defaultConfigurationName = Release;
		};
		30BB4224291F9550005293E8 /* Build configuration list for PBXNativeTarget "Qorgan" */ = {
			isa = XCConfigurationList;
			buildConfigurations = (
				30BB4225291F9550005293E8 /* Debug */,
				30BB4226291F9550005293E8 /* Release */,
			);
			defaultConfigurationIsVisible = 0;
			defaultConfigurationName = Release;
		};
		30BB4227291F9550005293E8 /* Build configuration list for PBXNativeTarget "QorganTests" */ = {
			isa = XCConfigurationList;
			buildConfigurations = (
				30BB4228291F9550005293E8 /* Debug */,
				30BB4229291F9550005293E8 /* Release */,
			);
			defaultConfigurationIsVisible = 0;
			defaultConfigurationName = Release;
		};
		30BB422A291F9550005293E8 /* Build configuration list for PBXNativeTarget "QorganUITests" */ = {
			isa = XCConfigurationList;
			buildConfigurations = (
				30BB422B291F9550005293E8 /* Debug */,
				30BB422C291F9550005293E8 /* Release */,
			);
			defaultConfigurationIsVisible = 0;
			defaultConfigurationName = Release;
		};
/* End XCConfigurationList section */

/* Begin XCVersionGroup section */
		30BB4203291F954E005293E8 /* Qorgan.xcdatamodeld */ = {
			isa = XCVersionGroup;
			children = (
				30BB4204291F954E005293E8 /* Qorgan.xcdatamodel */,
			);
			currentVersion = 30BB4204291F954E005293E8 /* Qorgan.xcdatamodel */;
			path = Qorgan.xcdatamodeld;
			sourceTree = "<group>";
			versionGroupType = wrapper.xcdatamodel;
		};
/* End XCVersionGroup section */
	};
	rootObject = 30BB41EF291F954E005293E8 /* Project object */;
}
